
Microsoft Visual Studio Solution File, Format Version 12.00
# Visual Studio Version 16
VisualStudioVersion = 16.0.30128.36
MinimumVisualStudioVersion = 10.0.40219.1
Project("{FAE04EC0-301F-11D3-BF4B-00C04F79EFBC}") = "DeprecatedSolution", "MorTest1\DeprecatedSolution.csproj", "{C1B105D9-E3C3-4931-A02C-CC05AD6EBD1C}"
EndProject
Project("{9A19103F-16F7-4668-BE54-9A1E7A4F7556}") = "XmlToJsonCore", "XmlToJsonCore\XmlToJsonCore.csproj", "{0661F624-1B8B-4175-8D9B-8E2124E632CB}"
EndProject
Global
	GlobalSection(SolutionConfigurationPlatforms) = preSolution
		Debug|Any CPU = Debug|Any CPU
		Release|Any CPU = Release|Any CPU
	EndGlobalSection
	GlobalSection(ProjectConfigurationPlatforms) = postSolution
		{C1B105D9-E3C3-4931-A02C-CC05AD6EBD1C}.Debug|Any CPU.ActiveCfg = Debug|Any CPU
		{C1B105D9-E3C3-4931-A02C-CC05AD6EBD1C}.Debug|Any CPU.Build.0 = Debug|Any CPU
		{C1B105D9-E3C3-4931-A02C-CC05AD6EBD1C}.Release|Any CPU.ActiveCfg = Release|Any CPU
		{C1B105D9-E3C3-4931-A02C-CC05AD6EBD1C}.Release|Any CPU.Build.0 = Release|Any CPU
		{0661F624-1B8B-4175-8D9B-8E2124E632CB}.Debug|Any CPU.ActiveCfg = Debug|Any CPU
		{0661F624-1B8B-4175-8D9B-8E2124E632CB}.Debug|Any CPU.Build.0 = Debug|Any CPU
		{0661F624-1B8B-4175-8D9B-8E2124E632CB}.Release|Any CPU.ActiveCfg = Release|Any CPU
		{0661F624-1B8B-4175-8D9B-8E2124E632CB}.Release|Any CPU.Build.0 = Release|Any CPU
	EndGlobalSection
	GlobalSection(SolutionProperties) = preSolution
		HideSolutionNode = FALSE
	EndGlobalSection
	GlobalSection(ExtensibilityGlobals) = postSolution
		SolutionGuid = {5DA6C47B-2E42-4D17-A8ED-5B4B37725262}
	EndGlobalSection
EndGlobal
